
Microsoft Visual Studio Solution File, Format Version 12.00
# Visual Studio Version 17
VisualStudioVersion = 17.3.32929.385
MinimumVisualStudioVersion = 10.0.40219.1
Project("{2150E333-8FDC-42A3-9474-1A3956D46DE8}") = "1 - Presentation", "1 - Presentation", "{BCACD8F3-37F8-4BF1-9346-9B5E4FAD18AE}"
EndProject
Project("{2150E333-8FDC-42A3-9474-1A3956D46DE8}") = "2 - Services", "2 - Services", "{0149905B-1C5B-4198-8957-0C248B4193B4}"
EndProject
Project("{2150E333-8FDC-42A3-9474-1A3956D46DE8}") = "3 - Application", "3 - Application", "{0991773F-21B9-4E68-AA2B-9A91E2554F22}"
EndProject
Project("{2150E333-8FDC-42A3-9474-1A3956D46DE8}") = "4 - Domain", "4 - Domain", "{DB94FBAD-A8D9-47DD-9E15-54515DADFB2D}"
EndProject
Project("{2150E333-8FDC-42A3-9474-1A3956D46DE8}") = "5 - Infra", "5 - Infra", "{DEBA6785-45DB-4B2F-920B-AFCFEF95EF66}"
EndProject
Project("{2150E333-8FDC-42A3-9474-1A3956D46DE8}") = "5.1 - Data", "5.1 - Data", "{58567AEB-4995-4AD9-A68D-3AD12142CD60}"
EndProject
Project("{9A19103F-16F7-4668-BE54-9A1E7A4F7556}") = "DesafioBTG.Domain", "DesafioBTG.Domain\DesafioBTG.Domain.csproj", "{DDB08A40-B069-4DD2-B2EE-7BBB87F34DB5}"
EndProject
Project("{9A19103F-16F7-4668-BE54-9A1E7A4F7556}") = "DesafioBTG.Worker.Consumer", "DesafioBTG.Consumer\DesafioBTG.Worker.Consumer.csproj", "{0EE7E4C0-9FC6-409D-A05F-A21DA66845A5}"
EndProject
Project("{9A19103F-16F7-4668-BE54-9A1E7A4F7556}") = "DesafioBTG.Infra.Data", "DesafioBTG.Infra.Data\DesafioBTG.Infra.Data.csproj", "{22F1C801-7F14-439A-83B6-AB00B5AA22C4}"
EndProject
Project("{2150E333-8FDC-42A3-9474-1A3956D46DE8}") = "5.2 - Setup", "5.2 - Setup", "{EFE8253A-B658-476D-87A9-B433B2EC76A3}"
EndProject
Project("{9A19103F-16F7-4668-BE54-9A1E7A4F7556}") = "DesafioBTG.Setup", "DesafioBTG.Setup\DesafioBTG.Setup.csproj", "{2D772E9B-2583-462F-842B-798DBF9AB862}"
EndProject
Project("{9A19103F-16F7-4668-BE54-9A1E7A4F7556}") = "DesafioBTG.Services", "DesafioBTG.Services\DesafioBTG.Services.csproj", "{50EAAED8-B511-4B75-BDFB-0B6BDBA5A061}"
EndProject
Project("{9A19103F-16F7-4668-BE54-9A1E7A4F7556}") = "DesafioBTG.WebApi", "DesafioBTG.WebApi\DesafioBTG.WebApi.csproj", "{0019EFE3-ADAC-495B-8E02-B4CEDAB494C9}"
EndProject
Project("{9A19103F-16F7-4668-BE54-9A1E7A4F7556}") = "DesafioBTG.Worker.Producer", "DesafioBTG.Producer\DesafioBTG.Worker.Producer.csproj", "{2D646098-FBB9-4445-8D0A-53704B5C03A6}"
EndProject
Global
	GlobalSection(SolutionConfigurationPlatforms) = preSolution
		Debug|Any CPU = Debug|Any CPU
		Release|Any CPU = Release|Any CPU
	EndGlobalSection
	GlobalSection(ProjectConfigurationPlatforms) = postSolution
		{DDB08A40-B069-4DD2-B2EE-7BBB87F34DB5}.Debug|Any CPU.ActiveCfg = Debug|Any CPU
		{DDB08A40-B069-4DD2-B2EE-7BBB87F34DB5}.Debug|Any CPU.Build.0 = Debug|Any CPU
		{DDB08A40-B069-4DD2-B2EE-7BBB87F34DB5}.Release|Any CPU.ActiveCfg = Release|Any CPU
		{DDB08A40-B069-4DD2-B2EE-7BBB87F34DB5}.Release|Any CPU.Build.0 = Release|Any CPU
		{0EE7E4C0-9FC6-409D-A05F-A21DA66845A5}.Debug|Any CPU.ActiveCfg = Debug|Any CPU
		{0EE7E4C0-9FC6-409D-A05F-A21DA66845A5}.Debug|Any CPU.Build.0 = Debug|Any CPU
		{0EE7E4C0-9FC6-409D-A05F-A21DA66845A5}.Release|Any CPU.ActiveCfg = Release|Any CPU
		{0EE7E4C0-9FC6-409D-A05F-A21DA66845A5}.Release|Any CPU.Build.0 = Release|Any CPU
		{22F1C801-7F14-439A-83B6-AB00B5AA22C4}.Debug|Any CPU.ActiveCfg = Debug|Any CPU
		{22F1C801-7F14-439A-83B6-AB00B5AA22C4}.Debug|Any CPU.Build.0 = Debug|Any CPU
		{22F1C801-7F14-439A-83B6-AB00B5AA22C4}.Release|Any CPU.ActiveCfg = Release|Any CPU
		{22F1C801-7F14-439A-83B6-AB00B5AA22C4}.Release|Any CPU.Build.0 = Release|Any CPU
		{2D772E9B-2583-462F-842B-798DBF9AB862}.Debug|Any CPU.ActiveCfg = Debug|Any CPU
		{2D772E9B-2583-462F-842B-798DBF9AB862}.Debug|Any CPU.Build.0 = Debug|Any CPU
		{2D772E9B-2583-462F-842B-798DBF9AB862}.Release|Any CPU.ActiveCfg = Release|Any CPU
		{2D772E9B-2583-462F-842B-798DBF9AB862}.Release|Any CPU.Build.0 = Release|Any CPU
		{50EAAED8-B511-4B75-BDFB-0B6BDBA5A061}.Debug|Any CPU.ActiveCfg = Debug|Any CPU
		{50EAAED8-B511-4B75-BDFB-0B6BDBA5A061}.Debug|Any CPU.Build.0 = Debug|Any CPU
		{50EAAED8-B511-4B75-BDFB-0B6BDBA5A061}.Release|Any CPU.ActiveCfg = Release|Any CPU
		{50EAAED8-B511-4B75-BDFB-0B6BDBA5A061}.Release|Any CPU.Build.0 = Release|Any CPU
		{0019EFE3-ADAC-495B-8E02-B4CEDAB494C9}.Debug|Any CPU.ActiveCfg = Debug|Any CPU
		{0019EFE3-ADAC-495B-8E02-B4CEDAB494C9}.Debug|Any CPU.Build.0 = Debug|Any CPU
		{0019EFE3-ADAC-495B-8E02-B4CEDAB494C9}.Release|Any CPU.ActiveCfg = Release|Any CPU
		{0019EFE3-ADAC-495B-8E02-B4CEDAB494C9}.Release|Any CPU.Build.0 = Release|Any CPU
		{2D646098-FBB9-4445-8D0A-53704B5C03A6}.Debug|Any CPU.ActiveCfg = Debug|Any CPU
		{2D646098-FBB9-4445-8D0A-53704B5C03A6}.Debug|Any CPU.Build.0 = Debug|Any CPU
		{2D646098-FBB9-4445-8D0A-53704B5C03A6}.Release|Any CPU.ActiveCfg = Release|Any CPU
		{2D646098-FBB9-4445-8D0A-53704B5C03A6}.Release|Any CPU.Build.0 = Release|Any CPU
	EndGlobalSection
	GlobalSection(SolutionProperties) = preSolution
		HideSolutionNode = FALSE
	EndGlobalSection
	GlobalSection(NestedProjects) = preSolution
		{58567AEB-4995-4AD9-A68D-3AD12142CD60} = {DEBA6785-45DB-4B2F-920B-AFCFEF95EF66}
		{DDB08A40-B069-4DD2-B2EE-7BBB87F34DB5} = {DB94FBAD-A8D9-47DD-9E15-54515DADFB2D}
		{0EE7E4C0-9FC6-409D-A05F-A21DA66845A5} = {0991773F-21B9-4E68-AA2B-9A91E2554F22}
		{22F1C801-7F14-439A-83B6-AB00B5AA22C4} = {58567AEB-4995-4AD9-A68D-3AD12142CD60}
		{EFE8253A-B658-476D-87A9-B433B2EC76A3} = {DEBA6785-45DB-4B2F-920B-AFCFEF95EF66}
		{2D772E9B-2583-462F-842B-798DBF9AB862} = {EFE8253A-B658-476D-87A9-B433B2EC76A3}
		{50EAAED8-B511-4B75-BDFB-0B6BDBA5A061} = {0149905B-1C5B-4198-8957-0C248B4193B4}
		{0019EFE3-ADAC-495B-8E02-B4CEDAB494C9} = {BCACD8F3-37F8-4BF1-9346-9B5E4FAD18AE}
		{2D646098-FBB9-4445-8D0A-53704B5C03A6} = {0991773F-21B9-4E68-AA2B-9A91E2554F22}
	EndGlobalSection
	GlobalSection(ExtensibilityGlobals) = postSolution
		SolutionGuid = {96B54614-D3FD-4FFB-8BA8-5307AAB717A6}
	EndGlobalSection
EndGlobal
